Microsoft Visual Studio Solution File, Format Version 11.00
# Visual Studio 2008

Project("{DC797844-9768-86E7-32CD-6012DC34B132}") = "RainAI_Testing", "Assembly-CSharp.csproj", "{2B9DC68E-677C-5500-24E8-DD831805C396}"
EndProject
Project("{DC797844-9768-86E7-32CD-6012DC34B132}") = "RainAI_Testing", "Assembly-CSharp-Editor.csproj", "{CF494BF5-1A9B-9DC0-C6FF-81A1B32DD709}"
EndProject
Project("{DC797844-9768-86E7-32CD-6012DC34B132}") = "RainAI_Testing", "Assembly-Boo-Editor.booproj", "{E4F17029-69F2-F4BD-C60A-C428882A950E}"
EndProject
Project("{DC797844-9768-86E7-32CD-6012DC34B132}") = "RainAI_Testing", "Assembly-UnityScript-Editor.unityproj", "{027C3702-51A8-85EB-E724-63902D0B79E6}"
EndProject
Global
	GlobalSection(SolutionConfigurationPlatforms) = preSolution
		Debug|Any CPU = Debug|Any CPU
		Release|Any CPU = Release|Any CPU
	EndGlobalSection
	GlobalSection(ProjectConfigurationPlatforms) = postSolution
		{2B9DC68E-677C-5500-24E8-DD831805C396}.Debug|Any CPU.ActiveCfg = Debug|Any CPU
		{2B9DC68E-677C-5500-24E8-DD831805C396}.Debug|Any CPU.Build.0 = Debug|Any CPU
		{2B9DC68E-677C-5500-24E8-DD831805C396}.Release|Any CPU.ActiveCfg = Release|Any CPU
		{2B9DC68E-677C-5500-24E8-DD831805C396}.Release|Any CPU.Build.0 = Release|Any CPU
		{CF494BF5-1A9B-9DC0-C6FF-81A1B32DD709}.Debug|Any CPU.ActiveCfg = Debug|Any CPU
		{CF494BF5-1A9B-9DC0-C6FF-81A1B32DD709}.Debug|Any CPU.Build.0 = Debug|Any CPU
		{CF494BF5-1A9B-9DC0-C6FF-81A1B32DD709}.Release|Any CPU.ActiveCfg = Release|Any CPU
		{CF494BF5-1A9B-9DC0-C6FF-81A1B32DD709}.Release|Any CPU.Build.0 = Release|Any CPU
		{E4F17029-69F2-F4BD-C60A-C428882A950E}.Debug|Any CPU.ActiveCfg = Debug|Any CPU
		{E4F17029-69F2-F4BD-C60A-C428882A950E}.Debug|Any CPU.Build.0 = Debug|Any CPU
		{E4F17029-69F2-F4BD-C60A-C428882A950E}.Release|Any CPU.ActiveCfg = Release|Any CPU
		{E4F17029-69F2-F4BD-C60A-C428882A950E}.Release|Any CPU.Build.0 = Release|Any CPU
		{027C3702-51A8-85EB-E724-63902D0B79E6}.Debug|Any CPU.ActiveCfg = Debug|Any CPU
		{027C3702-51A8-85EB-E724-63902D0B79E6}.Debug|Any CPU.Build.0 = Debug|Any CPU
		{027C3702-51A8-85EB-E724-63902D0B79E6}.Release|Any CPU.ActiveCfg = Release|Any CPU
		{027C3702-51A8-85EB-E724-63902D0B79E6}.Release|Any CPU.Build.0 = Release|Any CPU
	EndGlobalSection
	GlobalSection(SolutionProperties) = preSolution
		HideSolutionNode = FALSE
	EndGlobalSection
								GlobalSection(MonoDevelopProperties) = preSolution
		StartupItem = Assembly-CSharp.csproj
		Policies = $0
		$0.TextStylePolicy = $1
		$1.inheritsSet = null
		$1.scope = text/x-csharp
		$0.CSharpFormattingPolicy = $2
		$2.inheritsSet = Mono
		$2.inheritsScope = text/x-csharp
		$2.scope = text/x-csharp
		$0.TextStylePolicy = $3
		$3.FileWidth = 120
		$3.TabWidth = 4
		$3.IndentWidth = 4
		$3.EolMarker = Unix
		$3.inheritsSet = Mono
		$3.inheritsScope = text/plain
		$3.scope = text/plain
	EndGlobalSection

EndGlobal
